
Microsoft Visual Studio Solution File, Format Version 12.00
# Visual Studio Version 16
VisualStudioVersion = 16.0.33328.57
MinimumVisualStudioVersion = 10.0.40219.1
Project("{FAE04EC0-301F-11D3-BF4B-00C04F79EFBC}") = "ExamenASPNET", "ExamenASPNET\ExamenASPNET.csproj", "{DA7E921D-1B15-4A02-8534-54DA791E01F4}"
EndProject
Project("{FAE04EC0-301F-11D3-BF4B-00C04F79EFBC}") = "webServices", "webServices\webServices.csproj", "{DA1FFD05-D6EB-491B-9F32-053F209EE0A7}"
EndProject
Global
	GlobalSection(SolutionConfigurationPlatforms) = preSolution
		Debug|Any CPU = Debug|Any CPU
		Release|Any CPU = Release|Any CPU
	EndGlobalSection
	GlobalSection(ProjectConfigurationPlatforms) = postSolution
		{DA7E921D-1B15-4A02-8534-54DA791E01F4}.Debug|Any CPU.ActiveCfg = Debug|Any CPU
		{DA7E921D-1B15-4A02-8534-54DA791E01F4}.Debug|Any CPU.Build.0 = Debug|Any CPU
		{DA7E921D-1B15-4A02-8534-54DA791E01F4}.Release|Any CPU.ActiveCfg = Release|Any CPU
		{DA7E921D-1B15-4A02-8534-54DA791E01F4}.Release|Any CPU.Build.0 = Release|Any CPU
		{DA1FFD05-D6EB-491B-9F32-053F209EE0A7}.Debug|Any CPU.ActiveCfg = Debug|Any CPU
		{DA1FFD05-D6EB-491B-9F32-053F209EE0A7}.Debug|Any CPU.Build.0 = Debug|Any CPU
		{DA1FFD05-D6EB-491B-9F32-053F209EE0A7}.Release|Any CPU.ActiveCfg = Release|Any CPU
		{DA1FFD05-D6EB-491B-9F32-053F209EE0A7}.Release|Any CPU.Build.0 = Release|Any CPU
	EndGlobalSection
	GlobalSection(SolutionProperties) = preSolution
		HideSolutionNode = FALSE
	EndGlobalSection
	GlobalSection(ExtensibilityGlobals) = postSolution
		SolutionGuid = {3D688F38-012D-4A75-973E-01E44FB2E589}
	EndGlobalSection
EndGlobal
